{
  "name": "nginx-playground",
  "lockfileVersion": 3,
  "requires": true,
  "packages": {
    "": {
      "devDependencies": {
        "njs-types": "^0.8.2"
      }
    },
    "node_modules/njs-types": {
      "version": "0.8.2",
      "resolved": "https://registry.npmjs.org/njs-types/-/njs-types-0.8.2.tgz",
      "integrity": "sha512-6uv1Tcb4khW45LHZqj5vu1uo7WbvB6nINZjDVmryOxiO3K7rDMqRVNJbYtLHOKNbGDqLygIip9iYZbFViIVGqA==",
      "dev": true
    }
  }
}
